// !$*UTF8*$!
{
	archiveVersion = 1;
	classes = {
	};
	objectVersion = 56;
	objects = {

/* Begin PBXBuildFile section */
		0A2828DD2A5BB0C900A9D5D9 /* AnalysisView.swift in Sources */ = {isa = PBXBuildFile; fileRef = 0A2828DC2A5BB0C900A9D5D9 /* AnalysisView.swift */; };
		0A2828E12A5BB72700A9D5D9 /* TopContentView.swift in Sources */ = {isa = PBXBuildFile; fileRef = 0A2828E02A5BB72700A9D5D9 /* TopContentView.swift */; };
		0A2828E32A5C40F700A9D5D9 /* ChartsView.swift in Sources */ = {isa = PBXBuildFile; fileRef = 0A2828E22A5C40F700A9D5D9 /* ChartsView.swift */; };
		0A2828E52A5C589900A9D5D9 /* PieSliceView.swift in Sources */ = {isa = PBXBuildFile; fileRef = 0A2828E42A5C589900A9D5D9 /* PieSliceView.swift */; };
		0A2828E72A5D686F00A9D5D9 /* OverpurchasingView.swift in Sources */ = {isa = PBXBuildFile; fileRef = 0A2828E62A5D686F00A9D5D9 /* OverpurchasingView.swift */; };
		0A2828EA2A5D6ED500A9D5D9 /* DividerView.swift in Sources */ = {isa = PBXBuildFile; fileRef = 0A2828E92A5D6ED500A9D5D9 /* DividerView.swift */; };
		0A2828EE2A5D82F300A9D5D9 /* CategoryListView.swift in Sources */ = {isa = PBXBuildFile; fileRef = 0A2828ED2A5D82F300A9D5D9 /* CategoryListView.swift */; };
		0A2828F02A5D835100A9D5D9 /* CategoryHistoryView.swift in Sources */ = {isa = PBXBuildFile; fileRef = 0A2828EF2A5D835100A9D5D9 /* CategoryHistoryView.swift */; };
		0A2828F22A5E385000A9D5D9 /* MainView.swift in Sources */ = {isa = PBXBuildFile; fileRef = 0A2828F12A5E385000A9D5D9 /* MainView.swift */; };
		0A2828F52A5E3BC500A9D5D9 /* SettingView.swift in Sources */ = {isa = PBXBuildFile; fileRef = 0A2828F42A5E3BC500A9D5D9 /* SettingView.swift */; };
		5E22C6992A57D6CA008AF9E5 /* FirebaseAnalytics in Frameworks */ = {isa = PBXBuildFile; productRef = 5E22C6982A57D6CA008AF9E5 /* FirebaseAnalytics */; };
		5E22C69B2A57D6CA008AF9E5 /* FirebaseAnalyticsSwift in Frameworks */ = {isa = PBXBuildFile; productRef = 5E22C69A2A57D6CA008AF9E5 /* FirebaseAnalyticsSwift */; };
		5E22C69D2A57D6CA008AF9E5 /* FirebaseAuth in Frameworks */ = {isa = PBXBuildFile; productRef = 5E22C69C2A57D6CA008AF9E5 /* FirebaseAuth */; };
		99F7D73B2A5F78B10090A05A /* CurrentAssetView.swift in Sources */ = {isa = PBXBuildFile; fileRef = 99F7D7372A5F78B10090A05A /* CurrentAssetView.swift */; };
		99F7D73C2A5F78B10090A05A /* MainBudgetView.swift in Sources */ = {isa = PBXBuildFile; fileRef = 99F7D7382A5F78B10090A05A /* MainBudgetView.swift */; };
		99F7D73D2A5F78B10090A05A /* TargetBudgetView.swift in Sources */ = {isa = PBXBuildFile; fileRef = 99F7D7392A5F78B10090A05A /* TargetBudgetView.swift */; };
		99F7D73E2A5F78B10090A05A /* ConsListView.swift in Sources */ = {isa = PBXBuildFile; fileRef = 99F7D73A2A5F78B10090A05A /* ConsListView.swift */; };
		99F7D7462A5F7FFE0090A05A /* Breakdown.swift in Sources */ = {isa = PBXBuildFile; fileRef = 99F7D7452A5F7FFE0090A05A /* Breakdown.swift */; };
		99F7D7482A5F80200090A05A /* CategoryIcon.swift in Sources */ = {isa = PBXBuildFile; fileRef = 99F7D7472A5F80200090A05A /* CategoryIcon.swift */; };
		99F7D74A2A5F80420090A05A /* DateBreakdown.swift in Sources */ = {isa = PBXBuildFile; fileRef = 99F7D7492A5F80420090A05A /* DateBreakdown.swift */; };
		99F7D74C2A5F805A0090A05A /* DateTotal.swift in Sources */ = {isa = PBXBuildFile; fileRef = 99F7D74B2A5F805A0090A05A /* DateTotal.swift */; };
		99F7D74E2A5F80780090A05A /* MoveMonth.swift in Sources */ = {isa = PBXBuildFile; fileRef = 99F7D74D2A5F80780090A05A /* MoveMonth.swift */; };
		99F7D7502A5F80880090A05A /* SectionBar.swift in Sources */ = {isa = PBXBuildFile; fileRef = 99F7D74F2A5F80880090A05A /* SectionBar.swift */; };
		CD1006FA2A5D1FD200771585 /* PersonalDaySpendView.swift in Sources */ = {isa = PBXBuildFile; fileRef = CD1006F92A5D1FD200771585 /* PersonalDaySpendView.swift */; };
		CD27E2DE2A59AE9300F15A50 /* AppFont.swift in Sources */ = {isa = PBXBuildFile; fileRef = CD27E2DD2A59AE9300F15A50 /* AppFont.swift */; };
		CD27E2E92A59AF9D00F15A50 /* Pretendard-ExtraLight.otf in Resources */ = {isa = PBXBuildFile; fileRef = CD27E2E02A59AF8800F15A50 /* Pretendard-ExtraLight.otf */; };
		CD27E2EA2A59AFA700F15A50 /* Pretendard-Light.otf in Resources */ = {isa = PBXBuildFile; fileRef = CD27E2E52A59AF8800F15A50 /* Pretendard-Light.otf */; };
		CD27E2EB2A59AFA900F15A50 /* Pretendard-ExtraBold.otf in Resources */ = {isa = PBXBuildFile; fileRef = CD27E2E32A59AF8800F15A50 /* Pretendard-ExtraBold.otf */; };
		CD27E2EC2A59AFAB00F15A50 /* Pretendard-Bold.otf in Resources */ = {isa = PBXBuildFile; fileRef = CD27E2E22A59AF8800F15A50 /* Pretendard-Bold.otf */; };
		CD27E2ED2A59AFAD00F15A50 /* Pretendard-Black.otf in Resources */ = {isa = PBXBuildFile; fileRef = CD27E2E42A59AF8800F15A50 /* Pretendard-Black.otf */; };
		CD27E2EE2A59AFB100F15A50 /* Pretendard-Medium.otf in Resources */ = {isa = PBXBuildFile; fileRef = CD27E2E12A59AF8800F15A50 /* Pretendard-Medium.otf */; };
		CD27E2EF2A59AFB300F15A50 /* Pretendard-Regular.otf in Resources */ = {isa = PBXBuildFile; fileRef = CD27E2E62A59AF8800F15A50 /* Pretendard-Regular.otf */; };
		CD27E2F02A59AFB500F15A50 /* Pretendard-SemiBold.otf in Resources */ = {isa = PBXBuildFile; fileRef = CD27E2E82A59AF8800F15A50 /* Pretendard-SemiBold.otf */; };
		CD27E2F12A59AFB700F15A50 /* Pretendard-Thin.otf in Resources */ = {isa = PBXBuildFile; fileRef = CD27E2E72A59AF8800F15A50 /* Pretendard-Thin.otf */; };
		CD27E2F52A59B79800F15A50 /* GroupRoomView.swift in Sources */ = {isa = PBXBuildFile; fileRef = CD27E2F42A59B79800F15A50 /* GroupRoomView.swift */; };
		CD27E2F72A59B7A200F15A50 /* GroupNotExistView.swift in Sources */ = {isa = PBXBuildFile; fileRef = CD27E2F62A59B7A200F15A50 /* GroupNotExistView.swift */; };
		CD27E2F92A59B80800F15A50 /* GroupData.swift in Sources */ = {isa = PBXBuildFile; fileRef = CD27E2F82A59B80800F15A50 /* GroupData.swift */; };
		CD27E2FB2A59C25A00F15A50 /* GroupMain.swift in Sources */ = {isa = PBXBuildFile; fileRef = CD27E2FA2A59C25A00F15A50 /* GroupMain.swift */; };
		CD27E2FD2A59C9D700F15A50 /* CreateGroupView.swift in Sources */ = {isa = PBXBuildFile; fileRef = CD27E2FC2A59C9D700F15A50 /* CreateGroupView.swift */; };
		CD27E3002A5AA6FD00F15A50 /* FirebaseFirestore in Frameworks */ = {isa = PBXBuildFile; productRef = CD27E2FF2A5AA6FD00F15A50 /* FirebaseFirestore */; };
		CD27E3022A5AA72800F15A50 /* FirebaseFirestoreSwift in Frameworks */ = {isa = PBXBuildFile; productRef = CD27E3012A5AA72800F15A50 /* FirebaseFirestoreSwift */; };
		CD55899B2A5B0B29003508E2 /* GroupViewInside.swift in Sources */ = {isa = PBXBuildFile; fileRef = CD55899A2A5B0B29003508E2 /* GroupViewInside.swift */; };
		CD55899D2A5B104B003508E2 /* GroupInfoView.swift in Sources */ = {isa = PBXBuildFile; fileRef = CD55899C2A5B104B003508E2 /* GroupInfoView.swift */; };
		CD55899F2A5B105A003508E2 /* GroupSpendView.swift in Sources */ = {isa = PBXBuildFile; fileRef = CD55899E2A5B105A003508E2 /* GroupSpendView.swift */; };
		CDCB8C452A53A02F005DF128 /* GumungGagyeApp.swift in Sources */ = {isa = PBXBuildFile; fileRef = CDCB8C442A53A02F005DF128 /* GumungGagyeApp.swift */; };
		CDCB8C472A53A02F005DF128 /* ContentView.swift in Sources */ = {isa = PBXBuildFile; fileRef = CDCB8C462A53A02F005DF128 /* ContentView.swift */; };
		CDCB8C492A53A030005DF128 /* Assets.xcassets in Resources */ = {isa = PBXBuildFile; fileRef = CDCB8C482A53A030005DF128 /* Assets.xcassets */; };
		CDCB8C4C2A53A030005DF128 /* Preview Assets.xcassets in Resources */ = {isa = PBXBuildFile; fileRef = CDCB8C4B2A53A030005DF128 /* Preview Assets.xcassets */; };
		CDCBE3832A5BE37D00DB33C8 /* GroupUserSpendView.swift in Sources */ = {isa = PBXBuildFile; fileRef = CDCBE3822A5BE37D00DB33C8 /* GroupUserSpendView.swift */; };
		D2B2E2112A5F96920014B6B0 /* GoogleService-Info.plist in Resources */ = {isa = PBXBuildFile; fileRef = D2B2E20F2A5F940C0014B6B0 /* GoogleService-Info.plist */; };
		D2C828212A5E364A0003C0D6 /* ConnectView.swift in Sources */ = {isa = PBXBuildFile; fileRef = D2C828202A5E364A0003C0D6 /* ConnectView.swift */; };
		D2C828232A5E366D0003C0D6 /* AddModalView.swift in Sources */ = {isa = PBXBuildFile; fileRef = D2C828222A5E366D0003C0D6 /* AddModalView.swift */; };
		D2C828252A5E36980003C0D6 /* BreakdownWriting.swift in Sources */ = {isa = PBXBuildFile; fileRef = D2C828242A5E36980003C0D6 /* BreakdownWriting.swift */; };
		D2C8282D2A5E37B00003C0D6 /* ExpenseCategorySheet.swift in Sources */ = {isa = PBXBuildFile; fileRef = D2C8282C2A5E37B00003C0D6 /* ExpenseCategorySheet.swift */; };
		D2C8282F2A5E37D80003C0D6 /* MoneyTypeButton.swift in Sources */ = {isa = PBXBuildFile; fileRef = D2C8282E2A5E37D80003C0D6 /* MoneyTypeButton.swift */; };
		D2C828312A5E37EA0003C0D6 /* NextButton.swift in Sources */ = {isa = PBXBuildFile; fileRef = D2C828302A5E37EA0003C0D6 /* NextButton.swift */; };
		D2C828332A5E37F70003C0D6 /* SmallButton.swift in Sources */ = {isa = PBXBuildFile; fileRef = D2C828322A5E37F70003C0D6 /* SmallButton.swift */; };
		D2F9DFEF2A5F05300037EC59 /* IncomeCategorySheet.swift in Sources */ = {isa = PBXBuildFile; fileRef = D2F9DFEE2A5F05300037EC59 /* IncomeCategorySheet.swift */; };
/* End PBXBuildFile section */

/* Begin PBXFileReference section */
		0A2828DC2A5BB0C900A9D5D9 /* AnalysisView.swift */ = {isa = PBXFileReference; lastKnownFileType = sourcecode.swift; path = AnalysisView.swift; sourceTree = "<group>"; };
		0A2828E02A5BB72700A9D5D9 /* TopContentView.swift */ = {isa = PBXFileReference; lastKnownFileType = sourcecode.swift; path = TopContentView.swift; sourceTree = "<group>"; };
		0A2828E22A5C40F700A9D5D9 /* ChartsView.swift */ = {isa = PBXFileReference; lastKnownFileType = sourcecode.swift; path = ChartsView.swift; sourceTree = "<group>"; };
		0A2828E42A5C589900A9D5D9 /* PieSliceView.swift */ = {isa = PBXFileReference; lastKnownFileType = sourcecode.swift; path = PieSliceView.swift; sourceTree = "<group>"; };
		0A2828E62A5D686F00A9D5D9 /* OverpurchasingView.swift */ = {isa = PBXFileReference; lastKnownFileType = sourcecode.swift; path = OverpurchasingView.swift; sourceTree = "<group>"; };
		0A2828E92A5D6ED500A9D5D9 /* DividerView.swift */ = {isa = PBXFileReference; lastKnownFileType = sourcecode.swift; path = DividerView.swift; sourceTree = "<group>"; };
		0A2828ED2A5D82F300A9D5D9 /* CategoryListView.swift */ = {isa = PBXFileReference; lastKnownFileType = sourcecode.swift; path = CategoryListView.swift; sourceTree = "<group>"; };
		0A2828EF2A5D835100A9D5D9 /* CategoryHistoryView.swift */ = {isa = PBXFileReference; lastKnownFileType = sourcecode.swift; path = CategoryHistoryView.swift; sourceTree = "<group>"; };
		0A2828F12A5E385000A9D5D9 /* MainView.swift */ = {isa = PBXFileReference; lastKnownFileType = sourcecode.swift; path = MainView.swift; sourceTree = "<group>"; };
		0A2828F42A5E3BC500A9D5D9 /* SettingView.swift */ = {isa = PBXFileReference; lastKnownFileType = sourcecode.swift; path = SettingView.swift; sourceTree = "<group>"; };
		99F7D7372A5F78B10090A05A /* CurrentAssetView.swift */ = {isa = PBXFileReference; fileEncoding = 4; lastKnownFileType = sourcecode.swift; path = CurrentAssetView.swift; sourceTree = "<group>"; };
		99F7D7382A5F78B10090A05A /* MainBudgetView.swift */ = {isa = PBXFileReference; fileEncoding = 4; lastKnownFileType = sourcecode.swift; path = MainBudgetView.swift; sourceTree = "<group>"; };
		99F7D7392A5F78B10090A05A /* TargetBudgetView.swift */ = {isa = PBXFileReference; fileEncoding = 4; lastKnownFileType = sourcecode.swift; path = TargetBudgetView.swift; sourceTree = "<group>"; };
		99F7D73A2A5F78B10090A05A /* ConsListView.swift */ = {isa = PBXFileReference; fileEncoding = 4; lastKnownFileType = sourcecode.swift; path = ConsListView.swift; sourceTree = "<group>"; };
		99F7D7452A5F7FFE0090A05A /* Breakdown.swift */ = {isa = PBXFileReference; lastKnownFileType = sourcecode.swift; path = Breakdown.swift; sourceTree = "<group>"; };
		99F7D7472A5F80200090A05A /* CategoryIcon.swift */ = {isa = PBXFileReference; lastKnownFileType = sourcecode.swift; path = CategoryIcon.swift; sourceTree = "<group>"; };
		99F7D7492A5F80420090A05A /* DateBreakdown.swift */ = {isa = PBXFileReference; lastKnownFileType = sourcecode.swift; path = DateBreakdown.swift; sourceTree = "<group>"; };
		99F7D74B2A5F805A0090A05A /* DateTotal.swift */ = {isa = PBXFileReference; lastKnownFileType = sourcecode.swift; path = DateTotal.swift; sourceTree = "<group>"; };
		99F7D74D2A5F80780090A05A /* MoveMonth.swift */ = {isa = PBXFileReference; lastKnownFileType = sourcecode.swift; path = MoveMonth.swift; sourceTree = "<group>"; };
		99F7D74F2A5F80880090A05A /* SectionBar.swift */ = {isa = PBXFileReference; lastKnownFileType = sourcecode.swift; path = SectionBar.swift; sourceTree = "<group>"; };
		CD1006F92A5D1FD200771585 /* PersonalDaySpendView.swift */ = {isa = PBXFileReference; lastKnownFileType = sourcecode.swift; path = PersonalDaySpendView.swift; sourceTree = "<group>"; };
		CD27E2DD2A59AE9300F15A50 /* AppFont.swift */ = {isa = PBXFileReference; lastKnownFileType = sourcecode.swift; path = AppFont.swift; sourceTree = "<group>"; };
		CD27E2E02A59AF8800F15A50 /* Pretendard-ExtraLight.otf */ = {isa = PBXFileReference; lastKnownFileType = file; path = "Pretendard-ExtraLight.otf"; sourceTree = "<group>"; };
		CD27E2E12A59AF8800F15A50 /* Pretendard-Medium.otf */ = {isa = PBXFileReference; lastKnownFileType = file; path = "Pretendard-Medium.otf"; sourceTree = "<group>"; };
		CD27E2E22A59AF8800F15A50 /* Pretendard-Bold.otf */ = {isa = PBXFileReference; lastKnownFileType = file; path = "Pretendard-Bold.otf"; sourceTree = "<group>"; };
		CD27E2E32A59AF8800F15A50 /* Pretendard-ExtraBold.otf */ = {isa = PBXFileReference; lastKnownFileType = file; path = "Pretendard-ExtraBold.otf"; sourceTree = "<group>"; };
		CD27E2E42A59AF8800F15A50 /* Pretendard-Black.otf */ = {isa = PBXFileReference; lastKnownFileType = file; path = "Pretendard-Black.otf"; sourceTree = "<group>"; };
		CD27E2E52A59AF8800F15A50 /* Pretendard-Light.otf */ = {isa = PBXFileReference; lastKnownFileType = file; path = "Pretendard-Light.otf"; sourceTree = "<group>"; };
		CD27E2E62A59AF8800F15A50 /* Pretendard-Regular.otf */ = {isa = PBXFileReference; lastKnownFileType = file; path = "Pretendard-Regular.otf"; sourceTree = "<group>"; };
		CD27E2E72A59AF8800F15A50 /* Pretendard-Thin.otf */ = {isa = PBXFileReference; lastKnownFileType = file; path = "Pretendard-Thin.otf"; sourceTree = "<group>"; };
		CD27E2E82A59AF8800F15A50 /* Pretendard-SemiBold.otf */ = {isa = PBXFileReference; lastKnownFileType = file; path = "Pretendard-SemiBold.otf"; sourceTree = "<group>"; };
		CD27E2F22A59AFEC00F15A50 /* Info.plist */ = {isa = PBXFileReference; lastKnownFileType = text.plist; path = Info.plist; sourceTree = "<group>"; };
		CD27E2F42A59B79800F15A50 /* GroupRoomView.swift */ = {isa = PBXFileReference; lastKnownFileType = sourcecode.swift; path = GroupRoomView.swift; sourceTree = "<group>"; };
		CD27E2F62A59B7A200F15A50 /* GroupNotExistView.swift */ = {isa = PBXFileReference; lastKnownFileType = sourcecode.swift; path = GroupNotExistView.swift; sourceTree = "<group>"; };
		CD27E2F82A59B80800F15A50 /* GroupData.swift */ = {isa = PBXFileReference; lastKnownFileType = sourcecode.swift; path = GroupData.swift; sourceTree = "<group>"; };
		CD27E2FA2A59C25A00F15A50 /* GroupMain.swift */ = {isa = PBXFileReference; lastKnownFileType = sourcecode.swift; path = GroupMain.swift; sourceTree = "<group>"; };
		CD27E2FC2A59C9D700F15A50 /* CreateGroupView.swift */ = {isa = PBXFileReference; lastKnownFileType = sourcecode.swift; path = CreateGroupView.swift; sourceTree = "<group>"; };
		CD55899A2A5B0B29003508E2 /* GroupViewInside.swift */ = {isa = PBXFileReference; lastKnownFileType = sourcecode.swift; path = GroupViewInside.swift; sourceTree = "<group>"; };
		CD55899C2A5B104B003508E2 /* GroupInfoView.swift */ = {isa = PBXFileReference; lastKnownFileType = sourcecode.swift; path = GroupInfoView.swift; sourceTree = "<group>"; };
		CD55899E2A5B105A003508E2 /* GroupSpendView.swift */ = {isa = PBXFileReference; lastKnownFileType = sourcecode.swift; path = GroupSpendView.swift; sourceTree = "<group>"; };
		CDCB8C412A53A02F005DF128 /* GumungGagye.app */ = {isa = PBXFileReference; explicitFileType = wrapper.application; includeInIndex = 0; path = GumungGagye.app; sourceTree = BUILT_PRODUCTS_DIR; };
		CDCB8C442A53A02F005DF128 /* GumungGagyeApp.swift */ = {isa = PBXFileReference; lastKnownFileType = sourcecode.swift; path = GumungGagyeApp.swift; sourceTree = "<group>"; };
		CDCB8C462A53A02F005DF128 /* ContentView.swift */ = {isa = PBXFileReference; lastKnownFileType = sourcecode.swift; path = ContentView.swift; sourceTree = "<group>"; };
		CDCB8C482A53A030005DF128 /* Assets.xcassets */ = {isa = PBXFileReference; lastKnownFileType = folder.assetcatalog; path = Assets.xcassets; sourceTree = "<group>"; };
		CDCB8C4B2A53A030005DF128 /* Preview Assets.xcassets */ = {isa = PBXFileReference; lastKnownFileType = folder.assetcatalog; path = "Preview Assets.xcassets"; sourceTree = "<group>"; };
		CDCBE37F2A5BA5D200DB33C8 /* GoogleService-Info.plist */ = {isa = PBXFileReference; fileEncoding = 4; lastKnownFileType = text.plist.xml; name = "GoogleService-Info.plist"; path = "GumungGagye/GoogleService-Info.plist"; sourceTree = "<group>"; };
		CDCBE3822A5BE37D00DB33C8 /* GroupUserSpendView.swift */ = {isa = PBXFileReference; lastKnownFileType = sourcecode.swift; path = GroupUserSpendView.swift; sourceTree = "<group>"; };
		D2B2E20F2A5F940C0014B6B0 /* GoogleService-Info.plist */ = {isa = PBXFileReference; fileEncoding = 4; lastKnownFileType = text.plist.xml; name = "GoogleService-Info.plist"; path = "../../../../../Downloads/GoogleService-Info.plist"; sourceTree = "<group>"; };
		D2C828202A5E364A0003C0D6 /* ConnectView.swift */ = {isa = PBXFileReference; lastKnownFileType = sourcecode.swift; path = ConnectView.swift; sourceTree = "<group>"; };
		D2C828222A5E366D0003C0D6 /* AddModalView.swift */ = {isa = PBXFileReference; lastKnownFileType = sourcecode.swift; path = AddModalView.swift; sourceTree = "<group>"; };
		D2C828242A5E36980003C0D6 /* BreakdownWriting.swift */ = {isa = PBXFileReference; lastKnownFileType = sourcecode.swift; path = BreakdownWriting.swift; sourceTree = "<group>"; };
		D2C8282C2A5E37B00003C0D6 /* ExpenseCategorySheet.swift */ = {isa = PBXFileReference; lastKnownFileType = sourcecode.swift; path = ExpenseCategorySheet.swift; sourceTree = "<group>"; };
		D2C8282E2A5E37D80003C0D6 /* MoneyTypeButton.swift */ = {isa = PBXFileReference; lastKnownFileType = sourcecode.swift; path = MoneyTypeButton.swift; sourceTree = "<group>"; };
		D2C828302A5E37EA0003C0D6 /* NextButton.swift */ = {isa = PBXFileReference; lastKnownFileType = sourcecode.swift; path = NextButton.swift; sourceTree = "<group>"; };
		D2C828322A5E37F70003C0D6 /* SmallButton.swift */ = {isa = PBXFileReference; lastKnownFileType = sourcecode.swift; path = SmallButton.swift; sourceTree = "<group>"; };
		D2F9DFEE2A5F05300037EC59 /* IncomeCategorySheet.swift */ = {isa = PBXFileReference; lastKnownFileType = sourcecode.swift; path = IncomeCategorySheet.swift; sourceTree = "<group>"; };
/* End PBXFileReference section */

/* Begin PBXFrameworksBuildPhase section */
		CDCB8C3E2A53A02F005DF128 /* Frameworks */ = {
			isa = PBXFrameworksBuildPhase;
			buildActionMask = 2147483647;
			files = (
				CD27E3022A5AA72800F15A50 /* FirebaseFirestoreSwift in Frameworks */,
				5E22C69B2A57D6CA008AF9E5 /* FirebaseAnalyticsSwift in Frameworks */,
				CD27E3002A5AA6FD00F15A50 /* FirebaseFirestore in Frameworks */,
				5E22C69D2A57D6CA008AF9E5 /* FirebaseAuth in Frameworks */,
				5E22C6992A57D6CA008AF9E5 /* FirebaseAnalytics in Frameworks */,
			);
			runOnlyForDeploymentPostprocessing = 0;
		};
/* End PBXFrameworksBuildPhase section */

/* Begin PBXGroup section */
		0A2828D92A5BB09200A9D5D9 /* Analysis */ = {
			isa = PBXGroup;
			children = (
				0A2828DC2A5BB0C900A9D5D9 /* AnalysisView.swift */,
				0A2828E02A5BB72700A9D5D9 /* TopContentView.swift */,
				0A2828E22A5C40F700A9D5D9 /* ChartsView.swift */,
				0A2828E42A5C589900A9D5D9 /* PieSliceView.swift */,
				0A2828E62A5D686F00A9D5D9 /* OverpurchasingView.swift */,
				0A2828ED2A5D82F300A9D5D9 /* CategoryListView.swift */,
				0A2828EF2A5D835100A9D5D9 /* CategoryHistoryView.swift */,
			);
			path = Analysis;
			sourceTree = "<group>";
		};
		0A2828E82A5D6E7400A9D5D9 /* CommonView */ = {
			isa = PBXGroup;
			children = (
				0A2828E92A5D6ED500A9D5D9 /* DividerView.swift */,
				0A2828F12A5E385000A9D5D9 /* MainView.swift */,
			);
			path = CommonView;
			sourceTree = "<group>";
		};
		0A2828F32A5E3AD500A9D5D9 /* Setting */ = {
			isa = PBXGroup;
			children = (
				0A2828F42A5E3BC500A9D5D9 /* SettingView.swift */,
			);
			path = Setting;
			sourceTree = "<group>";
		};
		99F7D7122A5BE8770090A05A /* Budget */ = {
			isa = PBXGroup;
			children = (
				99F7D73A2A5F78B10090A05A /* ConsListView.swift */,
				99F7D7372A5F78B10090A05A /* CurrentAssetView.swift */,
				99F7D7382A5F78B10090A05A /* MainBudgetView.swift */,
				99F7D7392A5F78B10090A05A /* TargetBudgetView.swift */,
			);
			path = Budget;
			sourceTree = "<group>";
		};
		99F7D7432A5F7FDD0090A05A /* Component */ = {
			isa = PBXGroup;
			children = (
				D2C828272A5E372E0003C0D6 /* Button */,
				99F7D7452A5F7FFE0090A05A /* Breakdown.swift */,
				99F7D7472A5F80200090A05A /* CategoryIcon.swift */,
				99F7D7492A5F80420090A05A /* DateBreakdown.swift */,
				99F7D74B2A5F805A0090A05A /* DateTotal.swift */,
				99F7D74D2A5F80780090A05A /* MoveMonth.swift */,
				99F7D74F2A5F80880090A05A /* SectionBar.swift */,
			);
			path = Component;
			sourceTree = "<group>";
		};
		CD27E2DC2A59A53400F15A50 /* AppFontFile */ = {
			isa = PBXGroup;
			children = (
				CD27E2DD2A59AE9300F15A50 /* AppFont.swift */,
			);
			path = AppFontFile;
			sourceTree = "<group>";
		};
		CD27E2DF2A59AF7300F15A50 /* Fonts */ = {
			isa = PBXGroup;
			children = (
				CD27E2E42A59AF8800F15A50 /* Pretendard-Black.otf */,
				CD27E2E22A59AF8800F15A50 /* Pretendard-Bold.otf */,
				CD27E2E32A59AF8800F15A50 /* Pretendard-ExtraBold.otf */,
				CD27E2E02A59AF8800F15A50 /* Pretendard-ExtraLight.otf */,
				CD27E2E52A59AF8800F15A50 /* Pretendard-Light.otf */,
				CD27E2E12A59AF8800F15A50 /* Pretendard-Medium.otf */,
				CD27E2E62A59AF8800F15A50 /* Pretendard-Regular.otf */,
				CD27E2E82A59AF8800F15A50 /* Pretendard-SemiBold.otf */,
				CD27E2E72A59AF8800F15A50 /* Pretendard-Thin.otf */,
			);
			path = Fonts;
			sourceTree = "<group>";
		};
		CD27E2F32A59B78200F15A50 /* Group */ = {
			isa = PBXGroup;
			children = (
				CD27E2F42A59B79800F15A50 /* GroupRoomView.swift */,
				CD27E2F62A59B7A200F15A50 /* GroupNotExistView.swift */,
				CD27E2F82A59B80800F15A50 /* GroupData.swift */,
				CD27E2FA2A59C25A00F15A50 /* GroupMain.swift */,
				CD27E2FC2A59C9D700F15A50 /* CreateGroupView.swift */,
				CD55899A2A5B0B29003508E2 /* GroupViewInside.swift */,
				CD55899C2A5B104B003508E2 /* GroupInfoView.swift */,
				CD55899E2A5B105A003508E2 /* GroupSpendView.swift */,
				CDCBE3822A5BE37D00DB33C8 /* GroupUserSpendView.swift */,
				CD1006F92A5D1FD200771585 /* PersonalDaySpendView.swift */,
			);
			path = Group;
			sourceTree = "<group>";
		};
		CD27E2FE2A5AA6FD00F15A50 /* Frameworks */ = {
			isa = PBXGroup;
			children = (
			);
			name = Frameworks;
			sourceTree = "<group>";
		};
		CDCB8C382A53A02F005DF128 = {
			isa = PBXGroup;
			children = (
				CDCB8C432A53A02F005DF128 /* GumungGagye */,
				CDCB8C422A53A02F005DF128 /* Products */,
				CD27E2FE2A5AA6FD00F15A50 /* Frameworks */,
				CDCBE37E2A5B9F4600DB33C8 /* Recovered References */,
			);
			sourceTree = "<group>";
		};
		CDCB8C422A53A02F005DF128 /* Products */ = {
			isa = PBXGroup;
			children = (
				CDCB8C412A53A02F005DF128 /* GumungGagye.app */,
			);
			name = Products;
			sourceTree = "<group>";
		};
		CDCB8C432A53A02F005DF128 /* GumungGagye */ = {
			isa = PBXGroup;
			children = (
				99F7D7432A5F7FDD0090A05A /* Component */,
				D2B2E20F2A5F940C0014B6B0 /* GoogleService-Info.plist */,
				D2C8281F2A5E36420003C0D6 /* Modal */,
				99F7D7122A5BE8770090A05A /* Budget */,
				0A2828F32A5E3AD500A9D5D9 /* Setting */,
				0A2828E82A5D6E7400A9D5D9 /* CommonView */,
				0A2828D92A5BB09200A9D5D9 /* Analysis */,
				CD27E2F32A59B78200F15A50 /* Group */,
				CD27E2F22A59AFEC00F15A50 /* Info.plist */,
				CD27E2DF2A59AF7300F15A50 /* Fonts */,
				CD27E2DC2A59A53400F15A50 /* AppFontFile */,
				CDCB8C442A53A02F005DF128 /* GumungGagyeApp.swift */,
				CDCB8C462A53A02F005DF128 /* ContentView.swift */,
				CDCB8C482A53A030005DF128 /* Assets.xcassets */,
				CDCB8C4A2A53A030005DF128 /* Preview Content */,
			);
			path = GumungGagye;
			sourceTree = "<group>";
		};
		CDCB8C4A2A53A030005DF128 /* Preview Content */ = {
			isa = PBXGroup;
			children = (
				CDCB8C4B2A53A030005DF128 /* Preview Assets.xcassets */,
			);
			path = "Preview Content";
			sourceTree = "<group>";
		};
		CDCBE37E2A5B9F4600DB33C8 /* Recovered References */ = {
			isa = PBXGroup;
			children = (
				CDCBE37F2A5BA5D200DB33C8 /* GoogleService-Info.plist */,
			);
			name = "Recovered References";
			sourceTree = "<group>";
		};
		D2C8281F2A5E36420003C0D6 /* Modal */ = {
			isa = PBXGroup;
			children = (
				D2C828262A5E37230003C0D6 /* CategorySheet */,
				D2C828202A5E364A0003C0D6 /* ConnectView.swift */,
				D2C828222A5E366D0003C0D6 /* AddModalView.swift */,
				D2C828242A5E36980003C0D6 /* BreakdownWriting.swift */,
			);
			path = Modal;
			sourceTree = "<group>";
		};
		D2C828262A5E37230003C0D6 /* CategorySheet */ = {
			isa = PBXGroup;
			children = (
				D2C8282C2A5E37B00003C0D6 /* ExpenseCategorySheet.swift */,
				D2F9DFEE2A5F05300037EC59 /* IncomeCategorySheet.swift */,
			);
			path = CategorySheet;
			sourceTree = "<group>";
		};
		D2C828272A5E372E0003C0D6 /* Button */ = {
			isa = PBXGroup;
			children = (
				D2C8282E2A5E37D80003C0D6 /* MoneyTypeButton.swift */,
				D2C828302A5E37EA0003C0D6 /* NextButton.swift */,
				D2C828322A5E37F70003C0D6 /* SmallButton.swift */,
			);
			path = Button;
			sourceTree = "<group>";
		};
/* End PBXGroup section */

/* Begin PBXNativeTarget section */
		CDCB8C402A53A02F005DF128 /* GumungGagye */ = {
			isa = PBXNativeTarget;
			buildConfigurationList = CDCB8C4F2A53A030005DF128 /* Build configuration list for PBXNativeTarget "GumungGagye" */;
			buildPhases = (
				CDCB8C3D2A53A02F005DF128 /* Sources */,
				CDCB8C3E2A53A02F005DF128 /* Frameworks */,
				CDCB8C3F2A53A02F005DF128 /* Resources */,
			);
			buildRules = (
			);
			dependencies = (
			);
			name = GumungGagye;
			packageProductDependencies = (
				5E22C6982A57D6CA008AF9E5 /* FirebaseAnalytics */,
				5E22C69A2A57D6CA008AF9E5 /* FirebaseAnalyticsSwift */,
				5E22C69C2A57D6CA008AF9E5 /* FirebaseAuth */,
				CD27E2FF2A5AA6FD00F15A50 /* FirebaseFirestore */,
				CD27E3012A5AA72800F15A50 /* FirebaseFirestoreSwift */,
			);
			productName = GumungGagye;
			productReference = CDCB8C412A53A02F005DF128 /* GumungGagye.app */;
			productType = "com.apple.product-type.application";
		};
/* End PBXNativeTarget section */

/* Begin PBXProject section */
		CDCB8C392A53A02F005DF128 /* Project object */ = {
			isa = PBXProject;
			attributes = {
				BuildIndependentTargetsInParallel = 1;
				LastSwiftUpdateCheck = 1430;
				LastUpgradeCheck = 1430;
				TargetAttributes = {
					CDCB8C402A53A02F005DF128 = {
						CreatedOnToolsVersion = 14.3;
					};
				};
			};
			buildConfigurationList = CDCB8C3C2A53A02F005DF128 /* Build configuration list for PBXProject "GumungGagye" */;
			compatibilityVersion = "Xcode 14.0";
			developmentRegion = en;
			hasScannedForEncodings = 0;
			knownRegions = (
				en,
				Base,
			);
			mainGroup = CDCB8C382A53A02F005DF128;
			packageReferences = (
				5E22C6972A57D6CA008AF9E5 /* XCRemoteSwiftPackageReference "firebase-ios-sdk" */,
			);
			productRefGroup = CDCB8C422A53A02F005DF128 /* Products */;
			projectDirPath = "";
			projectRoot = "";
			targets = (
				CDCB8C402A53A02F005DF128 /* GumungGagye */,
			);
		};
/* End PBXProject section */

/* Begin PBXResourcesBuildPhase section */
		CDCB8C3F2A53A02F005DF128 /* Resources */ = {
			isa = PBXResourcesBuildPhase;
			buildActionMask = 2147483647;
			files = (
				CD27E2F02A59AFB500F15A50 /* Pretendard-SemiBold.otf in Resources */,
				CDCB8C4C2A53A030005DF128 /* Preview Assets.xcassets in Resources */,
				CDCB8C492A53A030005DF128 /* Assets.xcassets in Resources */,
				CD27E2F12A59AFB700F15A50 /* Pretendard-Thin.otf in Resources */,
				CD27E2EC2A59AFAB00F15A50 /* Pretendard-Bold.otf in Resources */,
				D2B2E2112A5F96920014B6B0 /* GoogleService-Info.plist in Resources */,
				CD27E2EB2A59AFA900F15A50 /* Pretendard-ExtraBold.otf in Resources */,
				CD27E2E92A59AF9D00F15A50 /* Pretendard-ExtraLight.otf in Resources */,
				CD27E2EA2A59AFA700F15A50 /* Pretendard-Light.otf in Resources */,
				CD27E2ED2A59AFAD00F15A50 /* Pretendard-Black.otf in Resources */,
				CD27E2EF2A59AFB300F15A50 /* Pretendard-Regular.otf in Resources */,
				CD27E2EE2A59AFB100F15A50 /* Pretendard-Medium.otf in Resources */,
			);
			runOnlyForDeploymentPostprocessing = 0;
		};
/* End PBXResourcesBuildPhase section */

/* Begin PBXSourcesBuildPhase section */
		CDCB8C3D2A53A02F005DF128 /* Sources */ = {
			isa = PBXSourcesBuildPhase;
			buildActionMask = 2147483647;
			files = (
				0A2828EA2A5D6ED500A9D5D9 /* DividerView.swift in Sources */,
				D2C828252A5E36980003C0D6 /* BreakdownWriting.swift in Sources */,
				99F7D74E2A5F80780090A05A /* MoveMonth.swift in Sources */,
				CDCB8C472A53A02F005DF128 /* ContentView.swift in Sources */,
				99F7D7502A5F80880090A05A /* SectionBar.swift in Sources */,
				CD27E2F92A59B80800F15A50 /* GroupData.swift in Sources */,
				D2C828212A5E364A0003C0D6 /* ConnectView.swift in Sources */,
				CD27E2F72A59B7A200F15A50 /* GroupNotExistView.swift in Sources */,
				D2C828312A5E37EA0003C0D6 /* NextButton.swift in Sources */,
				CD55899B2A5B0B29003508E2 /* GroupViewInside.swift in Sources */,
				0A2828EE2A5D82F300A9D5D9 /* CategoryListView.swift in Sources */,
				D2F9DFEF2A5F05300037EC59 /* IncomeCategorySheet.swift in Sources */,
				CD27E2F92A59B80800F15A50 /* GroupData.swift in Sources */,
				99F7D7462A5F7FFE0090A05A /* Breakdown.swift in Sources */,
				CD27E2F72A59B7A200F15A50 /* GroupNotExistView.swift in Sources */,
				CD55899D2A5B104B003508E2 /* GroupInfoView.swift in Sources */,
				CD27E2FB2A59C25A00F15A50 /* GroupMain.swift in Sources */,
				D2C8282D2A5E37B00003C0D6 /* ExpenseCategorySheet.swift in Sources */,
				CD27E2FD2A59C9D700F15A50 /* CreateGroupView.swift in Sources */,
				D2C828332A5E37F70003C0D6 /* SmallButton.swift in Sources */,
				99F7D73B2A5F78B10090A05A /* CurrentAssetView.swift in Sources */,
				99F7D73C2A5F78B10090A05A /* MainBudgetView.swift in Sources */,
				0A2828DD2A5BB0C900A9D5D9 /* AnalysisView.swift in Sources */,
				0A2828E12A5BB72700A9D5D9 /* TopContentView.swift in Sources */,
				99F7D74C2A5F805A0090A05A /* DateTotal.swift in Sources */,
				CD27E2FB2A59C25A00F15A50 /* GroupMain.swift in Sources */,
				CD27E2FD2A59C9D700F15A50 /* CreateGroupView.swift in Sources */,
				0A2828F22A5E385000A9D5D9 /* MainView.swift in Sources */,
				CDCBE3832A5BE37D00DB33C8 /* GroupUserSpendView.swift in Sources */,
				99F7D74A2A5F80420090A05A /* DateBreakdown.swift in Sources */,
				99F7D73D2A5F78B10090A05A /* TargetBudgetView.swift in Sources */,
				CDCB8C452A53A02F005DF128 /* GumungGagyeApp.swift in Sources */,
				CD27E2DE2A59AE9300F15A50 /* AppFont.swift in Sources */,
				CD1006FA2A5D1FD200771585 /* PersonalDaySpendView.swift in Sources */,
				99F7D73E2A5F78B10090A05A /* ConsListView.swift in Sources */,
				0A2828E32A5C40F700A9D5D9 /* ChartsView.swift in Sources */,
				99F7D7482A5F80200090A05A /* CategoryIcon.swift in Sources */,
				0A2828E52A5C589900A9D5D9 /* PieSliceView.swift in Sources */,
				CD27E2F52A59B79800F15A50 /* GroupRoomView.swift in Sources */,
				0A2828F52A5E3BC500A9D5D9 /* SettingView.swift in Sources */,
				CD55899F2A5B105A003508E2 /* GroupSpendView.swift in Sources */,
				D2C828232A5E366D0003C0D6 /* AddModalView.swift in Sources */,
				0A2828E72A5D686F00A9D5D9 /* OverpurchasingView.swift in Sources */,
				CD27E2F52A59B79800F15A50 /* GroupRoomView.swift in Sources */,
				0A2828F02A5D835100A9D5D9 /* CategoryHistoryView.swift in Sources */,
				D2C8282F2A5E37D80003C0D6 /* MoneyTypeButton.swift in Sources */,
			);
			runOnlyForDeploymentPostprocessing = 0;
		};
/* End PBXSourcesBuildPhase section */

/* Begin XCBuildConfiguration section */
		CDCB8C4D2A53A030005DF128 /* Debug */ = {
			isa = XCBuildConfiguration;
			buildSettings = {
				ALWAYS_SEARCH_USER_PATHS = NO;
				CLANG_ANALYZER_NONNULL = YES;
				CLANG_ANALYZER_NUMBER_OBJECT_CONVERSION = YES_AGGRESSIVE;
				CLANG_CXX_LANGUAGE_STANDARD = "gnu++20";
				CLANG_ENABLE_MODULES = YES;
				CLANG_ENABLE_OBJC_ARC = YES;
				CLANG_ENABLE_OBJC_WEAK = YES;
				CLANG_WARN_BLOCK_CAPTURE_AUTORELEASING = YES;
				CLANG_WARN_BOOL_CONVERSION = YES;
				CLANG_WARN_COMMA = YES;
				CLANG_WARN_CONSTANT_CONVERSION = YES;
				CLANG_WARN_DEPRECATED_OBJC_IMPLEMENTATIONS = YES;
				CLANG_WARN_DIRECT_OBJC_ISA_USAGE = YES_ERROR;
				CLANG_WARN_DOCUMENTATION_COMMENTS = YES;
				CLANG_WARN_EMPTY_BODY = YES;
				CLANG_WARN_ENUM_CONVERSION = YES;
				CLANG_WARN_INFINITE_RECURSION = YES;
				CLANG_WARN_INT_CONVERSION = YES;
				CLANG_WARN_NON_LITERAL_NULL_CONVERSION = YES;
				CLANG_WARN_OBJC_IMPLICIT_RETAIN_SELF = YES;
				CLANG_WARN_OBJC_LITERAL_CONVERSION = YES;
				CLANG_WARN_OBJC_ROOT_CLASS = YES_ERROR;
				CLANG_WARN_QUOTED_INCLUDE_IN_FRAMEWORK_HEADER = YES;
				CLANG_WARN_RANGE_LOOP_ANALYSIS = YES;
				CLANG_WARN_STRICT_PROTOTYPES = YES;
				CLANG_WARN_SUSPICIOUS_MOVE = YES;
				CLANG_WARN_UNGUARDED_AVAILABILITY = YES_AGGRESSIVE;
				CLANG_WARN_UNREACHABLE_CODE = YES;
				CLANG_WARN__DUPLICATE_METHOD_MATCH = YES;
				COPY_PHASE_STRIP = NO;
				DEBUG_INFORMATION_FORMAT = dwarf;
				ENABLE_STRICT_OBJC_MSGSEND = YES;
				ENABLE_TESTABILITY = YES;
				GCC_C_LANGUAGE_STANDARD = gnu11;
				GCC_DYNAMIC_NO_PIC = NO;
				GCC_NO_COMMON_BLOCKS = YES;
				GCC_OPTIMIZATION_LEVEL = 0;
				GCC_PREPROCESSOR_DEFINITIONS = (
					"DEBUG=1",
					"$(inherited)",
				);
				GCC_WARN_64_TO_32_BIT_CONVERSION = YES;
				GCC_WARN_ABOUT_RETURN_TYPE = YES_ERROR;
				GCC_WARN_UNDECLARED_SELECTOR = YES;
				GCC_WARN_UNINITIALIZED_AUTOS = YES_AGGRESSIVE;
				GCC_WARN_UNUSED_FUNCTION = YES;
				GCC_WARN_UNUSED_VARIABLE = YES;
				IPHONEOS_DEPLOYMENT_TARGET = 16.0;
				MTL_ENABLE_DEBUG_INFO = INCLUDE_SOURCE;
				MTL_FAST_MATH = YES;
				ONLY_ACTIVE_ARCH = YES;
				SDKROOT = iphoneos;
				SWIFT_ACTIVE_COMPILATION_CONDITIONS = DEBUG;
				SWIFT_OPTIMIZATION_LEVEL = "-Onone";
			};
			name = Debug;
		};
		CDCB8C4E2A53A030005DF128 /* Release */ = {
			isa = XCBuildConfiguration;
			buildSettings = {
				ALWAYS_SEARCH_USER_PATHS = NO;
				CLANG_ANALYZER_NONNULL = YES;
				CLANG_ANALYZER_NUMBER_OBJECT_CONVERSION = YES_AGGRESSIVE;
				CLANG_CXX_LANGUAGE_STANDARD = "gnu++20";
				CLANG_ENABLE_MODULES = YES;
				CLANG_ENABLE_OBJC_ARC = YES;
				CLANG_ENABLE_OBJC_WEAK = YES;
				CLANG_WARN_BLOCK_CAPTURE_AUTORELEASING = YES;
				CLANG_WARN_BOOL_CONVERSION = YES;
				CLANG_WARN_COMMA = YES;
				CLANG_WARN_CONSTANT_CONVERSION = YES;
				CLANG_WARN_DEPRECATED_OBJC_IMPLEMENTATIONS = YES;
				CLANG_WARN_DIRECT_OBJC_ISA_USAGE = YES_ERROR;
				CLANG_WARN_DOCUMENTATION_COMMENTS = YES;
				CLANG_WARN_EMPTY_BODY = YES;
				CLANG_WARN_ENUM_CONVERSION = YES;
				CLANG_WARN_INFINITE_RECURSION = YES;
				CLANG_WARN_INT_CONVERSION = YES;
				CLANG_WARN_NON_LITERAL_NULL_CONVERSION = YES;
				CLANG_WARN_OBJC_IMPLICIT_RETAIN_SELF = YES;
				CLANG_WARN_OBJC_LITERAL_CONVERSION = YES;
				CLANG_WARN_OBJC_ROOT_CLASS = YES_ERROR;
				CLANG_WARN_QUOTED_INCLUDE_IN_FRAMEWORK_HEADER = YES;
				CLANG_WARN_RANGE_LOOP_ANALYSIS = YES;
				CLANG_WARN_STRICT_PROTOTYPES = YES;
				CLANG_WARN_SUSPICIOUS_MOVE = YES;
				CLANG_WARN_UNGUARDED_AVAILABILITY = YES_AGGRESSIVE;
				CLANG_WARN_UNREACHABLE_CODE = YES;
				CLANG_WARN__DUPLICATE_METHOD_MATCH = YES;
				COPY_PHASE_STRIP = NO;
				DEBUG_INFORMATION_FORMAT = "dwarf-with-dsym";
				ENABLE_NS_ASSERTIONS = NO;
				ENABLE_STRICT_OBJC_MSGSEND = YES;
				GCC_C_LANGUAGE_STANDARD = gnu11;
				GCC_NO_COMMON_BLOCKS = YES;
				GCC_WARN_64_TO_32_BIT_CONVERSION = YES;
				GCC_WARN_ABOUT_RETURN_TYPE = YES_ERROR;
				GCC_WARN_UNDECLARED_SELECTOR = YES;
				GCC_WARN_UNINITIALIZED_AUTOS = YES_AGGRESSIVE;
				GCC_WARN_UNUSED_FUNCTION = YES;
				GCC_WARN_UNUSED_VARIABLE = YES;
				IPHONEOS_DEPLOYMENT_TARGET = 16.0;
				MTL_ENABLE_DEBUG_INFO = NO;
				MTL_FAST_MATH = YES;
				SDKROOT = iphoneos;
				SWIFT_COMPILATION_MODE = wholemodule;
				SWIFT_OPTIMIZATION_LEVEL = "-O";
				VALIDATE_PRODUCT = YES;
			};
			name = Release;
		};
		CDCB8C502A53A030005DF128 /* Debug */ = {
			isa = XCBuildConfiguration;
			buildSettings = {
				ASSETCATALOG_COMPILER_APPICON_NAME = AppIcon;
				ASSETCATALOG_COMPILER_GLOBAL_ACCENT_COLOR_NAME = AccentColor;
				CODE_SIGN_STYLE = Automatic;
				CURRENT_PROJECT_VERSION = 1;
				DEVELOPMENT_ASSET_PATHS = "\"GumungGagye/Preview Content\"";
				DEVELOPMENT_TEAM = 769N2FXSUU;
				ENABLE_PREVIEWS = YES;
				GENERATE_INFOPLIST_FILE = YES;
				INFOPLIST_FILE = GumungGagye/Info.plist;
				INFOPLIST_KEY_UIApplicationSceneManifest_Generation = YES;
				INFOPLIST_KEY_UIApplicationSupportsIndirectInputEvents = YES;
				INFOPLIST_KEY_UILaunchScreen_Generation = YES;
				INFOPLIST_KEY_UISupportedInterfaceOrientations_iPad = "UIInterfaceOrientationPortrait UIInterfaceOrientationPortraitUpsideDown UIInterfaceOrientationLandscapeLeft UIInterfaceOrientationLandscapeRight";
				INFOPLIST_KEY_UISupportedInterfaceOrientations_iPhone = "UIInterfaceOrientationPortrait UIInterfaceOrientationLandscapeLeft UIInterfaceOrientationLandscapeRight";
				LD_RUNPATH_SEARCH_PATHS = (
					"$(inherited)",
					"@executable_path/Frameworks",
				);
				MARKETING_VERSION = 1.0;
				PRODUCT_BUNDLE_IDENTIFIER = com.dohyeon.GumungGagye;
				PRODUCT_NAME = "$(TARGET_NAME)";
				SWIFT_EMIT_LOC_STRINGS = YES;
				SWIFT_VERSION = 5.0;
				TARGETED_DEVICE_FAMILY = "1,2";
			};
			name = Debug;
		};
		CDCB8C512A53A030005DF128 /* Release */ = {
			isa = XCBuildConfiguration;
			buildSettings = {
				ASSETCATALOG_COMPILER_APPICON_NAME = AppIcon;
				ASSETCATALOG_COMPILER_GLOBAL_ACCENT_COLOR_NAME = AccentColor;
				CODE_SIGN_STYLE = Automatic;
				CURRENT_PROJECT_VERSION = 1;
				DEVELOPMENT_ASSET_PATHS = "\"GumungGagye/Preview Content\"";
				DEVELOPMENT_TEAM = 769N2FXSUU;
				ENABLE_PREVIEWS = YES;
				GENERATE_INFOPLIST_FILE = YES;
				INFOPLIST_FILE = GumungGagye/Info.plist;
				INFOPLIST_KEY_UIApplicationSceneManifest_Generation = YES;
				INFOPLIST_KEY_UIApplicationSupportsIndirectInputEvents = YES;
				INFOPLIST_KEY_UILaunchScreen_Generation = YES;
				INFOPLIST_KEY_UISupportedInterfaceOrientations_iPad = "UIInterfaceOrientationPortrait UIInterfaceOrientationPortraitUpsideDown UIInterfaceOrientationLandscapeLeft UIInterfaceOrientationLandscapeRight";
				INFOPLIST_KEY_UISupportedInterfaceOrientations_iPhone = "UIInterfaceOrientationPortrait UIInterfaceOrientationLandscapeLeft UIInterfaceOrientationLandscapeRight";
				LD_RUNPATH_SEARCH_PATHS = (
					"$(inherited)",
					"@executable_path/Frameworks",
				);
				MARKETING_VERSION = 1.0;
				PRODUCT_BUNDLE_IDENTIFIER = com.dohyeon.GumungGagye;
				PRODUCT_NAME = "$(TARGET_NAME)";
				SWIFT_EMIT_LOC_STRINGS = YES;
				SWIFT_VERSION = 5.0;
				TARGETED_DEVICE_FAMILY = "1,2";
			};
			name = Release;
		};
/* End XCBuildConfiguration section */

/* Begin XCConfigurationList section */
		CDCB8C3C2A53A02F005DF128 /* Build configuration list for PBXProject "GumungGagye" */ = {
			isa = XCConfigurationList;
			buildConfigurations = (
				CDCB8C4D2A53A030005DF128 /* Debug */,
				CDCB8C4E2A53A030005DF128 /* Release */,
			);
			defaultConfigurationIsVisible = 0;
			defaultConfigurationName = Release;
		};
		CDCB8C4F2A53A030005DF128 /* Build configuration list for PBXNativeTarget "GumungGagye" */ = {
			isa = XCConfigurationList;
			buildConfigurations = (
				CDCB8C502A53A030005DF128 /* Debug */,
				CDCB8C512A53A030005DF128 /* Release */,
			);
			defaultConfigurationIsVisible = 0;
			defaultConfigurationName = Release;
		};
/* End XCConfigurationList section */

/* Begin XCRemoteSwiftPackageReference section */
		5E22C6972A57D6CA008AF9E5 /* XCRemoteSwiftPackageReference "firebase-ios-sdk" */ = {
			isa = XCRemoteSwiftPackageReference;
			repositoryURL = "https://github.com/firebase/firebase-ios-sdk";
			requirement = {
				kind = exactVersion;
				version = 10.11.0;
			};
		};
/* End XCRemoteSwiftPackageReference section */

/* Begin XCSwiftPackageProductDependency section */
		5E22C6982A57D6CA008AF9E5 /* FirebaseAnalytics */ = {
			isa = XCSwiftPackageProductDependency;
			package = 5E22C6972A57D6CA008AF9E5 /* XCRemoteSwiftPackageReference "firebase-ios-sdk" */;
			productName = FirebaseAnalytics;
		};
		5E22C69A2A57D6CA008AF9E5 /* FirebaseAnalyticsSwift */ = {
			isa = XCSwiftPackageProductDependency;
			package = 5E22C6972A57D6CA008AF9E5 /* XCRemoteSwiftPackageReference "firebase-ios-sdk" */;
			productName = FirebaseAnalyticsSwift;
		};
		5E22C69C2A57D6CA008AF9E5 /* FirebaseAuth */ = {
			isa = XCSwiftPackageProductDependency;
			package = 5E22C6972A57D6CA008AF9E5 /* XCRemoteSwiftPackageReference "firebase-ios-sdk" */;
			productName = FirebaseAuth;
		};
		CD27E2FF2A5AA6FD00F15A50 /* FirebaseFirestore */ = {
			isa = XCSwiftPackageProductDependency;
			package = 5E22C6972A57D6CA008AF9E5 /* XCRemoteSwiftPackageReference "firebase-ios-sdk" */;
			productName = FirebaseFirestore;
		};
		CD27E3012A5AA72800F15A50 /* FirebaseFirestoreSwift */ = {
			isa = XCSwiftPackageProductDependency;
			package = 5E22C6972A57D6CA008AF9E5 /* XCRemoteSwiftPackageReference "firebase-ios-sdk" */;
			productName = FirebaseFirestoreSwift;
		};
/* End XCSwiftPackageProductDependency section */
	};
	rootObject = CDCB8C392A53A02F005DF128 /* Project object */;
}
